// !$*UTF8*$!
{
	archiveVersion = 1;
	classes = {
	};
	objectVersion = 56;
	objects = {

/* Begin PBXBuildFile section */
		582D6CC129A82BC9004B566A /* AppDelegate.swift in Sources */ = {isa = PBXBuildFile; fileRef = 582D6CC029A82BC9004B566A /* AppDelegate.swift */; };
		582D6CC329A82BC9004B566A /* SceneDelegate.swift in Sources */ = {isa = PBXBuildFile; fileRef = 582D6CC229A82BC9004B566A /* SceneDelegate.swift */; };
		582D6CC529A82BC9004B566A /* ViewController.swift in Sources */ = {isa = PBXBuildFile; fileRef = 582D6CC429A82BC9004B566A /* ViewController.swift */; };
		582D6CC829A82BC9004B566A /* Main.storyboard in Resources */ = {isa = PBXBuildFile; fileRef = 582D6CC629A82BC9004B566A /* Main.storyboard */; };
		582D6CCA29A82BCA004B566A /* Assets.xcassets in Resources */ = {isa = PBXBuildFile; fileRef = 582D6CC929A82BCA004B566A /* Assets.xcassets */; };
		582D6CCD29A82BCA004B566A /* LaunchScreen.storyboard in Resources */ = {isa = PBXBuildFile; fileRef = 582D6CCB29A82BCA004B566A /* LaunchScreen.storyboard */; };
		582D6CD829A82BCA004B566A /* StocksTests.swift in Sources */ = {isa = PBXBuildFile; fileRef = 582D6CD729A82BCA004B566A /* StocksTests.swift */; };
		582D6CE229A82BCA004B566A /* StocksUITests.swift in Sources */ = {isa = PBXBuildFile; fileRef = 582D6CE129A82BCA004B566A /* StocksUITests.swift */; };
		582D6CE429A82BCA004B566A /* StocksUITestsLaunchTests.swift in Sources */ = {isa = PBXBuildFile; fileRef = 582D6CE329A82BCA004B566A /* StocksUITestsLaunchTests.swift */; };
		582D6CF129A83B42004B566A /* NetworkManager.swift in Sources */ = {isa = PBXBuildFile; fileRef = 582D6CF029A83B42004B566A /* NetworkManager.swift */; };
		582D6CF329A83BAD004B566A /* Stock.swift in Sources */ = {isa = PBXBuildFile; fileRef = 582D6CF229A83BAD004B566A /* Stock.swift */; };
		582D6CF429A83BAD004B566A /* Stock.swift in Sources */ = {isa = PBXBuildFile; fileRef = 582D6CF229A83BAD004B566A /* Stock.swift */; };
		582D6CF529A83BB3004B566A /* NetworkManager.swift in Sources */ = {isa = PBXBuildFile; fileRef = 582D6CF029A83B42004B566A /* NetworkManager.swift */; };
		582D6CF729A83D4B004B566A /* Constants.swift in Sources */ = {isa = PBXBuildFile; fileRef = 582D6CF629A83D4B004B566A /* Constants.swift */; };
		582D6CF829A83D4B004B566A /* Constants.swift in Sources */ = {isa = PBXBuildFile; fileRef = 582D6CF629A83D4B004B566A /* Constants.swift */; };
		582D6CFA29A840C6004B566A /* StocksData.swift in Sources */ = {isa = PBXBuildFile; fileRef = 582D6CF929A840C6004B566A /* StocksData.swift */; };
		582D6CFB29A840C6004B566A /* StocksData.swift in Sources */ = {isa = PBXBuildFile; fileRef = 582D6CF929A840C6004B566A /* StocksData.swift */; };
		5892A61F29A9895300E03898 /* StockInfoTableViewCell.swift in Sources */ = {isa = PBXBuildFile; fileRef = 5892A61E29A9895300E03898 /* StockInfoTableViewCell.swift */; };
		5892A62029A9895300E03898 /* StockInfoTableViewCell.swift in Sources */ = {isa = PBXBuildFile; fileRef = 5892A61E29A9895300E03898 /* StockInfoTableViewCell.swift */; };
		5892A62229A9A4AA00E03898 /* UIColor+Extensions.swift in Sources */ = {isa = PBXBuildFile; fileRef = 5892A62129A9A4AA00E03898 /* UIColor+Extensions.swift */; };
		5892A62329A9A4AA00E03898 /* UIColor+Extensions.swift in Sources */ = {isa = PBXBuildFile; fileRef = 5892A62129A9A4AA00E03898 /* UIColor+Extensions.swift */; };
		5892A62529ADA4D400E03898 /* ChartViewController.swift in Sources */ = {isa = PBXBuildFile; fileRef = 5892A62429ADA4D400E03898 /* ChartViewController.swift */; };
		5892A62629ADA4D400E03898 /* ChartViewController.swift in Sources */ = {isa = PBXBuildFile; fileRef = 5892A62429ADA4D400E03898 /* ChartViewController.swift */; };
		5892A62829ADA57000E03898 /* BarChart.swift in Sources */ = {isa = PBXBuildFile; fileRef = 5892A62729ADA57000E03898 /* BarChart.swift */; };
		5892A62929ADA57000E03898 /* BarChart.swift in Sources */ = {isa = PBXBuildFile; fileRef = 5892A62729ADA57000E03898 /* BarChart.swift */; };
		5892A62B29ADD53600E03898 /* Color+Extensions.swift in Sources */ = {isa = PBXBuildFile; fileRef = 5892A62A29ADD53600E03898 /* Color+Extensions.swift */; };
		5892A62C29ADD53600E03898 /* Color+Extensions.swift in Sources */ = {isa = PBXBuildFile; fileRef = 5892A62A29ADD53600E03898 /* Color+Extensions.swift */; };
		5892A62D29ADD6CC00E03898 /* ViewController.swift in Sources */ = {isa = PBXBuildFile; fileRef = 582D6CC429A82BC9004B566A /* ViewController.swift */; };
		5892A63029ADF2F100E03898 /* StockInfoTableViewCellTests.swift in Sources */ = {isa = PBXBuildFile; fileRef = 5892A62E29ADF2F100E03898 /* StockInfoTableViewCellTests.swift */; };
		5892A63429ADFE2A00E03898 /* ViewControllerTests.swift in Sources */ = {isa = PBXBuildFile; fileRef = 5892A63329ADFE2A00E03898 /* ViewControllerTests.swift */; };
		5892A63629ADFFA600E03898 /* FakeStocksData.swift in Sources */ = {isa = PBXBuildFile; fileRef = 5892A63529ADFFA600E03898 /* FakeStocksData.swift */; };
		5892A63B29AF1A3A00E03898 /* StockTest.swift in Sources */ = {isa = PBXBuildFile; fileRef = 5892A63A29AF1A3A00E03898 /* StockTest.swift */; };
/* End PBXBuildFile section */

/* Begin PBXContainerItemProxy section */
		582D6CD429A82BCA004B566A /* PBXContainerItemProxy */ = {
			isa = PBXContainerItemProxy;
			containerPortal = 582D6CB529A82BC9004B566A /* Project object */;
			proxyType = 1;
			remoteGlobalIDString = 582D6CBC29A82BC9004B566A;
			remoteInfo = Stocks;
		};
		582D6CDE29A82BCA004B566A /* PBXContainerItemProxy */ = {
			isa = PBXContainerItemProxy;
			containerPortal = 582D6CB529A82BC9004B566A /* Project object */;
			proxyType = 1;
			remoteGlobalIDString = 582D6CBC29A82BC9004B566A;
			remoteInfo = Stocks;
		};
/* End PBXContainerItemProxy section */

/* Begin PBXFileReference section */
		582D6CBD29A82BC9004B566A /* Stocks.app */ = {isa = PBXFileReference; explicitFileType = wrapper.application; includeInIndex = 0; path = Stocks.app; sourceTree = BUILT_PRODUCTS_DIR; };
		582D6CC029A82BC9004B566A /* AppDelegate.swift */ = {isa = PBXFileReference; lastKnownFileType = sourcecode.swift; path = AppDelegate.swift; sourceTree = "<group>"; };
		582D6CC229A82BC9004B566A /* SceneDelegate.swift */ = {isa = PBXFileReference; lastKnownFileType = sourcecode.swift; path = SceneDelegate.swift; sourceTree = "<group>"; };
		582D6CC429A82BC9004B566A /* ViewController.swift */ = {isa = PBXFileReference; lastKnownFileType = sourcecode.swift; path = ViewController.swift; sourceTree = "<group>"; };
		582D6CC729A82BC9004B566A /* Base */ = {isa = PBXFileReference; lastKnownFileType = file.storyboard; name = Base; path = Base.lproj/Main.storyboard; sourceTree = "<group>"; };
		582D6CC929A82BCA004B566A /* Assets.xcassets */ = {isa = PBXFileReference; lastKnownFileType = folder.assetcatalog; path = Assets.xcassets; sourceTree = "<group>"; };
		582D6CCC29A82BCA004B566A /* Base */ = {isa = PBXFileReference; lastKnownFileType = file.storyboard; name = Base; path = Base.lproj/LaunchScreen.storyboard; sourceTree = "<group>"; };
		582D6CCE29A82BCA004B566A /* Info.plist */ = {isa = PBXFileReference; lastKnownFileType = text.plist.xml; path = Info.plist; sourceTree = "<group>"; };
		582D6CD329A82BCA004B566A /* StocksTests.xctest */ = {isa = PBXFileReference; explicitFileType = wrapper.cfbundle; includeInIndex = 0; path = StocksTests.xctest; sourceTree = BUILT_PRODUCTS_DIR; };
		582D6CD729A82BCA004B566A /* StocksTests.swift */ = {isa = PBXFileReference; lastKnownFileType = sourcecode.swift; path = StocksTests.swift; sourceTree = "<group>"; };
		582D6CDD29A82BCA004B566A /* StocksUITests.xctest */ = {isa = PBXFileReference; explicitFileType = wrapper.cfbundle; includeInIndex = 0; path = StocksUITests.xctest; sourceTree = BUILT_PRODUCTS_DIR; };
		582D6CE129A82BCA004B566A /* StocksUITests.swift */ = {isa = PBXFileReference; lastKnownFileType = sourcecode.swift; path = StocksUITests.swift; sourceTree = "<group>"; };
		582D6CE329A82BCA004B566A /* StocksUITestsLaunchTests.swift */ = {isa = PBXFileReference; lastKnownFileType = sourcecode.swift; path = StocksUITestsLaunchTests.swift; sourceTree = "<group>"; };
		582D6CF029A83B42004B566A /* NetworkManager.swift */ = {isa = PBXFileReference; lastKnownFileType = sourcecode.swift; path = NetworkManager.swift; sourceTree = "<group>"; };
		582D6CF229A83BAD004B566A /* Stock.swift */ = {isa = PBXFileReference; lastKnownFileType = sourcecode.swift; path = Stock.swift; sourceTree = "<group>"; };
		582D6CF629A83D4B004B566A /* Constants.swift */ = {isa = PBXFileReference; lastKnownFileType = sourcecode.swift; path = Constants.swift; sourceTree = "<group>"; };
		582D6CF929A840C6004B566A /* StocksData.swift */ = {isa = PBXFileReference; lastKnownFileType = sourcecode.swift; path = StocksData.swift; sourceTree = "<group>"; };
		5892A61E29A9895300E03898 /* StockInfoTableViewCell.swift */ = {isa = PBXFileReference; lastKnownFileType = sourcecode.swift; path = StockInfoTableViewCell.swift; sourceTree = "<group>"; };
		5892A62129A9A4AA00E03898 /* UIColor+Extensions.swift */ = {isa = PBXFileReference; lastKnownFileType = sourcecode.swift; path = "UIColor+Extensions.swift"; sourceTree = "<group>"; };
		5892A62429ADA4D400E03898 /* ChartViewController.swift */ = {isa = PBXFileReference; lastKnownFileType = sourcecode.swift; path = ChartViewController.swift; sourceTree = "<group>"; };
		5892A62729ADA57000E03898 /* BarChart.swift */ = {isa = PBXFileReference; lastKnownFileType = sourcecode.swift; path = BarChart.swift; sourceTree = "<group>"; };
		5892A62A29ADD53600E03898 /* Color+Extensions.swift */ = {isa = PBXFileReference; lastKnownFileType = sourcecode.swift; path = "Color+Extensions.swift"; sourceTree = "<group>"; };
		5892A62E29ADF2F100E03898 /* StockInfoTableViewCellTests.swift */ = {isa = PBXFileReference; lastKnownFileType = sourcecode.swift; path = StockInfoTableViewCellTests.swift; sourceTree = "<group>"; };
		5892A63329ADFE2A00E03898 /* ViewControllerTests.swift */ = {isa = PBXFileReference; lastKnownFileType = sourcecode.swift; path = ViewControllerTests.swift; sourceTree = "<group>"; };
		5892A63529ADFFA600E03898 /* FakeStocksData.swift */ = {isa = PBXFileReference; lastKnownFileType = sourcecode.swift; path = FakeStocksData.swift; sourceTree = "<group>"; };
		5892A63A29AF1A3A00E03898 /* StockTest.swift */ = {isa = PBXFileReference; lastKnownFileType = sourcecode.swift; path = StockTest.swift; sourceTree = "<group>"; };
/* End PBXFileReference section */

/* Begin PBXFrameworksBuildPhase section */
		582D6CBA29A82BC9004B566A /* Frameworks */ = {
			isa = PBXFrameworksBuildPhase;
			buildActionMask = 2147483647;
			files = (
			);
			runOnlyForDeploymentPostprocessing = 0;
		};
		582D6CD029A82BCA004B566A /* Frameworks */ = {
			isa = PBXFrameworksBuildPhase;
			buildActionMask = 2147483647;
			files = (
			);
			runOnlyForDeploymentPostprocessing = 0;
		};
		582D6CDA29A82BCA004B566A /* Frameworks */ = {
			isa = PBXFrameworksBuildPhase;
			buildActionMask = 2147483647;
			files = (
			);
			runOnlyForDeploymentPostprocessing = 0;
		};
/* End PBXFrameworksBuildPhase section */

/* Begin PBXGroup section */
		582D6CB429A82BC9004B566A = {
			isa = PBXGroup;
			children = (
				582D6CBF29A82BC9004B566A /* Stocks */,
				582D6CD629A82BCA004B566A /* StocksTests */,
				582D6CE029A82BCA004B566A /* StocksUITests */,
				582D6CBE29A82BC9004B566A /* Products */,
			);
			sourceTree = "<group>";
		};
		582D6CBE29A82BC9004B566A /* Products */ = {
			isa = PBXGroup;
			children = (
				582D6CBD29A82BC9004B566A /* Stocks.app */,
				582D6CD329A82BCA004B566A /* StocksTests.xctest */,
				582D6CDD29A82BCA004B566A /* StocksUITests.xctest */,
			);
			name = Products;
			sourceTree = "<group>";
		};
		582D6CBF29A82BC9004B566A /* Stocks */ = {
			isa = PBXGroup;
			children = (
				582D6CC029A82BC9004B566A /* AppDelegate.swift */,
				582D6CC229A82BC9004B566A /* SceneDelegate.swift */,
				582D6CC629A82BC9004B566A /* Main.storyboard */,
				582D6CC929A82BCA004B566A /* Assets.xcassets */,
				582D6CCB29A82BCA004B566A /* LaunchScreen.storyboard */,
				582D6CCE29A82BCA004B566A /* Info.plist */,
				5892A63C29AF3C5F00E03898 /* Extensions */,
				5892A63D29AF3C9700E03898 /* Model */,
				5892A63F29AF3CF700E03898 /* Utilities */,
				5892A64029AF3D1F00E03898 /* Views */,
				5892A63E29AF3CB700E03898 /* ViewControllers */,
			);
			path = Stocks;
			sourceTree = "<group>";
		};
		582D6CD629A82BCA004B566A /* StocksTests */ = {
			isa = PBXGroup;
			children = (
				5892A64429AF3DD300E03898 /* Fakes */,
				5892A64129AF3D8600E03898 /* Model */,
				5892A64329AF3DBE00E03898 /* Views */,
				5892A64229AF3DAE00E03898 /* ViewControllers */,
				582D6CD729A82BCA004B566A /* StocksTests.swift */,
			);
			path = StocksTests;
			sourceTree = "<group>";
		};
		582D6CE029A82BCA004B566A /* StocksUITests */ = {
			isa = PBXGroup;
			children = (
				582D6CE129A82BCA004B566A /* StocksUITests.swift */,
				582D6CE329A82BCA004B566A /* StocksUITestsLaunchTests.swift */,
			);
			path = StocksUITests;
			sourceTree = "<group>";
		};
		5892A63C29AF3C5F00E03898 /* Extensions */ = {
			isa = PBXGroup;
			children = (
				5892A62A29ADD53600E03898 /* Color+Extensions.swift */,
				5892A62129A9A4AA00E03898 /* UIColor+Extensions.swift */,
			);
			path = Extensions;
			sourceTree = "<group>";
		};
		5892A63D29AF3C9700E03898 /* Model */ = {
			isa = PBXGroup;
			children = (
				582D6CF229A83BAD004B566A /* Stock.swift */,
				582D6CF929A840C6004B566A /* StocksData.swift */,
			);
			path = Model;
			sourceTree = "<group>";
		};
		5892A63E29AF3CB700E03898 /* ViewControllers */ = {
			isa = PBXGroup;
			children = (
				5892A62429ADA4D400E03898 /* ChartViewController.swift */,
				582D6CC429A82BC9004B566A /* ViewController.swift */,
			);
			path = ViewControllers;
			sourceTree = "<group>";
		};
		5892A63F29AF3CF700E03898 /* Utilities */ = {
			isa = PBXGroup;
			children = (
				582D6CF629A83D4B004B566A /* Constants.swift */,
				582D6CF029A83B42004B566A /* NetworkManager.swift */,
			);
			path = Utilities;
			sourceTree = "<group>";
		};
		5892A64029AF3D1F00E03898 /* Views */ = {
			isa = PBXGroup;
			children = (
				5892A62729ADA57000E03898 /* BarChart.swift */,
				5892A61E29A9895300E03898 /* StockInfoTableViewCell.swift */,
			);
			path = Views;
			sourceTree = "<group>";
		};
		5892A64129AF3D8600E03898 /* Model */ = {
			isa = PBXGroup;
			children = (
				5892A63A29AF1A3A00E03898 /* StockTest.swift */,
			);
			path = Model;
			sourceTree = "<group>";
		};
		5892A64229AF3DAE00E03898 /* ViewControllers */ = {
			isa = PBXGroup;
			children = (
				5892A63329ADFE2A00E03898 /* ViewControllerTests.swift */,
			);
			path = ViewControllers;
			sourceTree = "<group>";
		};
		5892A64329AF3DBE00E03898 /* Views */ = {
			isa = PBXGroup;
			children = (
				5892A62E29ADF2F100E03898 /* StockInfoTableViewCellTests.swift */,
			);
			path = Views;
			sourceTree = "<group>";
		};
		5892A64429AF3DD300E03898 /* Fakes */ = {
			isa = PBXGroup;
			children = (
				5892A63529ADFFA600E03898 /* FakeStocksData.swift */,
			);
			path = Fakes;
			sourceTree = "<group>";
		};
/* End PBXGroup section */

/* Begin PBXNativeTarget section */
		582D6CBC29A82BC9004B566A /* Stocks */ = {
			isa = PBXNativeTarget;
			buildConfigurationList = 582D6CE729A82BCA004B566A /* Build configuration list for PBXNativeTarget "Stocks" */;
			buildPhases = (
				582D6CB929A82BC9004B566A /* Sources */,
				582D6CBA29A82BC9004B566A /* Frameworks */,
				582D6CBB29A82BC9004B566A /* Resources */,
			);
			buildRules = (
			);
			dependencies = (
			);
			name = Stocks;
			productName = Stocks;
			productReference = 582D6CBD29A82BC9004B566A /* Stocks.app */;
			productType = "com.apple.product-type.application";
		};
		582D6CD229A82BCA004B566A /* StocksTests */ = {
			isa = PBXNativeTarget;
			buildConfigurationList = 582D6CEA29A82BCA004B566A /* Build configuration list for PBXNativeTarget "StocksTests" */;
			buildPhases = (
				582D6CCF29A82BCA004B566A /* Sources */,
				582D6CD029A82BCA004B566A /* Frameworks */,
				582D6CD129A82BCA004B566A /* Resources */,
			);
			buildRules = (
			);
			dependencies = (
				582D6CD529A82BCA004B566A /* PBXTargetDependency */,
			);
			name = StocksTests;
			productName = StocksTests;
			productReference = 582D6CD329A82BCA004B566A /* StocksTests.xctest */;
			productType = "com.apple.product-type.bundle.unit-test";
		};
		582D6CDC29A82BCA004B566A /* StocksUITests */ = {
			isa = PBXNativeTarget;
			buildConfigurationList = 582D6CED29A82BCA004B566A /* Build configuration list for PBXNativeTarget "StocksUITests" */;
			buildPhases = (
				582D6CD929A82BCA004B566A /* Sources */,
				582D6CDA29A82BCA004B566A /* Frameworks */,
				582D6CDB29A82BCA004B566A /* Resources */,
			);
			buildRules = (
			);
			dependencies = (
				582D6CDF29A82BCA004B566A /* PBXTargetDependency */,
			);
			name = StocksUITests;
			productName = StocksUITests;
			productReference = 582D6CDD29A82BCA004B566A /* StocksUITests.xctest */;
			productType = "com.apple.product-type.bundle.ui-testing";
		};
/* End PBXNativeTarget section */

/* Begin PBXProject section */
		582D6CB529A82BC9004B566A /* Project object */ = {
			isa = PBXProject;
			attributes = {
				BuildIndependentTargetsInParallel = 1;
				LastSwiftUpdateCheck = 1410;
				LastUpgradeCheck = 1410;
				TargetAttributes = {
					582D6CBC29A82BC9004B566A = {
						CreatedOnToolsVersion = 14.1;
					};
					582D6CD229A82BCA004B566A = {
						CreatedOnToolsVersion = 14.1;
						TestTargetID = 582D6CBC29A82BC9004B566A;
					};
					582D6CDC29A82BCA004B566A = {
						CreatedOnToolsVersion = 14.1;
						TestTargetID = 582D6CBC29A82BC9004B566A;
					};
				};
			};
			buildConfigurationList = 582D6CB829A82BC9004B566A /* Build configuration list for PBXProject "Stocks" */;
			compatibilityVersion = "Xcode 14.0";
			developmentRegion = en;
			hasScannedForEncodings = 0;
			knownRegions = (
				en,
				Base,
			);
			mainGroup = 582D6CB429A82BC9004B566A;
			productRefGroup = 582D6CBE29A82BC9004B566A /* Products */;
			projectDirPath = "";
			projectRoot = "";
			targets = (
				582D6CBC29A82BC9004B566A /* Stocks */,
				582D6CD229A82BCA004B566A /* StocksTests */,
				582D6CDC29A82BCA004B566A /* StocksUITests */,
			);
		};
/* End PBXProject section */

/* Begin PBXResourcesBuildPhase section */
		582D6CBB29A82BC9004B566A /* Resources */ = {
			isa = PBXResourcesBuildPhase;
			buildActionMask = 2147483647;
			files = (
				582D6CCD29A82BCA004B566A /* LaunchScreen.storyboard in Resources */,
				582D6CCA29A82BCA004B566A /* Assets.xcassets in Resources */,
				582D6CC829A82BC9004B566A /* Main.storyboard in Resources */,
			);
			runOnlyForDeploymentPostprocessing = 0;
		};
		582D6CD129A82BCA004B566A /* Resources */ = {
			isa = PBXResourcesBuildPhase;
			buildActionMask = 2147483647;
			files = (
			);
			runOnlyForDeploymentPostprocessing = 0;
		};
		582D6CDB29A82BCA004B566A /* Resources */ = {
			isa = PBXResourcesBuildPhase;
			buildActionMask = 2147483647;
			files = (
			);
			runOnlyForDeploymentPostprocessing = 0;
		};
/* End PBXResourcesBuildPhase section */

/* Begin PBXSourcesBuildPhase section */
		582D6CB929A82BC9004B566A /* Sources */ = {
			isa = PBXSourcesBuildPhase;
			buildActionMask = 2147483647;
			files = (
				582D6CF129A83B42004B566A /* NetworkManager.swift in Sources */,
				582D6CC529A82BC9004B566A /* ViewController.swift in Sources */,
				5892A61F29A9895300E03898 /* StockInfoTableViewCell.swift in Sources */,
				582D6CFA29A840C6004B566A /* StocksData.swift in Sources */,
				582D6CC129A82BC9004B566A /* AppDelegate.swift in Sources */,
				582D6CC329A82BC9004B566A /* SceneDelegate.swift in Sources */,
				582D6CF329A83BAD004B566A /* Stock.swift in Sources */,
				5892A62229A9A4AA00E03898 /* UIColor+Extensions.swift in Sources */,
				5892A62829ADA57000E03898 /* BarChart.swift in Sources */,
				582D6CF729A83D4B004B566A /* Constants.swift in Sources */,
				5892A62529ADA4D400E03898 /* ChartViewController.swift in Sources */,
				5892A62B29ADD53600E03898 /* Color+Extensions.swift in Sources */,
			);
			runOnlyForDeploymentPostprocessing = 0;
		};
		582D6CCF29A82BCA004B566A /* Sources */ = {
			isa = PBXSourcesBuildPhase;
			buildActionMask = 2147483647;
			files = (
				5892A63429ADFE2A00E03898 /* ViewControllerTests.swift in Sources */,
				582D6CF529A83BB3004B566A /* NetworkManager.swift in Sources */,
				5892A62929ADA57000E03898 /* BarChart.swift in Sources */,
				5892A63029ADF2F100E03898 /* StockInfoTableViewCellTests.swift in Sources */,
				582D6CF429A83BAD004B566A /* Stock.swift in Sources */,
				5892A62029A9895300E03898 /* StockInfoTableViewCell.swift in Sources */,
				5892A62D29ADD6CC00E03898 /* ViewController.swift in Sources */,
				582D6CD829A82BCA004B566A /* StocksTests.swift in Sources */,
				5892A62C29ADD53600E03898 /* Color+Extensions.swift in Sources */,
				5892A63629ADFFA600E03898 /* FakeStocksData.swift in Sources */,
				5892A62329A9A4AA00E03898 /* UIColor+Extensions.swift in Sources */,
				5892A62629ADA4D400E03898 /* ChartViewController.swift in Sources */,
				582D6CF829A83D4B004B566A /* Constants.swift in Sources */,
				5892A63B29AF1A3A00E03898 /* StockTest.swift in Sources */,
				582D6CFB29A840C6004B566A /* StocksData.swift in Sources */,
			);
			runOnlyForDeploymentPostprocessing = 0;
		};
		582D6CD929A82BCA004B566A /* Sources */ = {
			isa = PBXSourcesBuildPhase;
			buildActionMask = 2147483647;
			files = (
				582D6CE229A82BCA004B566A /* StocksUITests.swift in Sources */,
				582D6CE429A82BCA004B566A /* StocksUITestsLaunchTests.swift in Sources */,
			);
			runOnlyForDeploymentPostprocessing = 0;
		};
/* End PBXSourcesBuildPhase section */

/* Begin PBXTargetDependency section */
		582D6CD529A82BCA004B566A /* PBXTargetDependency */ = {
			isa = PBXTargetDependency;
			target = 582D6CBC29A82BC9004B566A /* Stocks */;
			targetProxy = 582D6CD429A82BCA004B566A /* PBXContainerItemProxy */;
		};
		582D6CDF29A82BCA004B566A /* PBXTargetDependency */ = {
			isa = PBXTargetDependency;
			target = 582D6CBC29A82BC9004B566A /* Stocks */;
			targetProxy = 582D6CDE29A82BCA004B566A /* PBXContainerItemProxy */;
		};
/* End PBXTargetDependency section */

/* Begin PBXVariantGroup section */
		582D6CC629A82BC9004B566A /* Main.storyboard */ = {
			isa = PBXVariantGroup;
			children = (
				582D6CC729A82BC9004B566A /* Base */,
			);
			name = Main.storyboard;
			sourceTree = "<group>";
		};
		582D6CCB29A82BCA004B566A /* LaunchScreen.storyboard */ = {
			isa = PBXVariantGroup;
			children = (
				582D6CCC29A82BCA004B566A /* Base */,
			);
			name = LaunchScreen.storyboard;
			sourceTree = "<group>";
		};
/* End PBXVariantGroup section */

/* Begin XCBuildConfiguration section */
		582D6CE529A82BCA004B566A /* Debug */ = {
			isa = XCBuildConfiguration;
			buildSettings = {
				ALWAYS_SEARCH_USER_PATHS = NO;
				CLANG_ANALYZER_NONNULL = YES;
				CLANG_ANALYZER_NUMBER_OBJECT_CONVERSION = YES_AGGRESSIVE;
				CLANG_CXX_LANGUAGE_STANDARD = "gnu++20";
				CLANG_ENABLE_MODULES = YES;
				CLANG_ENABLE_OBJC_ARC = YES;
				CLANG_ENABLE_OBJC_WEAK = YES;
				CLANG_WARN_BLOCK_CAPTURE_AUTORELEASING = YES;
				CLANG_WARN_BOOL_CONVERSION = YES;
				CLANG_WARN_COMMA = YES;
				CLANG_WARN_CONSTANT_CONVERSION = YES;
				CLANG_WARN_DEPRECATED_OBJC_IMPLEMENTATIONS = YES;
				CLANG_WARN_DIRECT_OBJC_ISA_USAGE = YES_ERROR;
				CLANG_WARN_DOCUMENTATION_COMMENTS = YES;
				CLANG_WARN_EMPTY_BODY = YES;
				CLANG_WARN_ENUM_CONVERSION = YES;
				CLANG_WARN_INFINITE_RECURSION = YES;
				CLANG_WARN_INT_CONVERSION = YES;
				CLANG_WARN_NON_LITERAL_NULL_CONVERSION = YES;
				CLANG_WARN_OBJC_IMPLICIT_RETAIN_SELF = YES;
				CLANG_WARN_OBJC_LITERAL_CONVERSION = YES;
				CLANG_WARN_OBJC_ROOT_CLASS = YES_ERROR;
				CLANG_WARN_QUOTED_INCLUDE_IN_FRAMEWORK_HEADER = YES;
				CLANG_WARN_RANGE_LOOP_ANALYSIS = YES;
				CLANG_WARN_STRICT_PROTOTYPES = YES;
				CLANG_WARN_SUSPICIOUS_MOVE = YES;
				CLANG_WARN_UNGUARDED_AVAILABILITY = YES_AGGRESSIVE;
				CLANG_WARN_UNREACHABLE_CODE = YES;
				CLANG_WARN__DUPLICATE_METHOD_MATCH = YES;
				COPY_PHASE_STRIP = NO;
				DEBUG_INFORMATION_FORMAT = dwarf;
				ENABLE_STRICT_OBJC_MSGSEND = YES;
				ENABLE_TESTABILITY = YES;
				GCC_C_LANGUAGE_STANDARD = gnu11;
				GCC_DYNAMIC_NO_PIC = NO;
				GCC_NO_COMMON_BLOCKS = YES;
				GCC_OPTIMIZATION_LEVEL = 0;
				GCC_PREPROCESSOR_DEFINITIONS = (
					"DEBUG=1",
					"$(inherited)",
				);
				GCC_WARN_64_TO_32_BIT_CONVERSION = YES;
				GCC_WARN_ABOUT_RETURN_TYPE = YES_ERROR;
				GCC_WARN_UNDECLARED_SELECTOR = YES;
				GCC_WARN_UNINITIALIZED_AUTOS = YES_AGGRESSIVE;
				GCC_WARN_UNUSED_FUNCTION = YES;
				GCC_WARN_UNUSED_VARIABLE = YES;
				IPHONEOS_DEPLOYMENT_TARGET = 16.0;
				MTL_ENABLE_DEBUG_INFO = INCLUDE_SOURCE;
				MTL_FAST_MATH = YES;
				ONLY_ACTIVE_ARCH = YES;
				SDKROOT = iphoneos;
				SWIFT_ACTIVE_COMPILATION_CONDITIONS = DEBUG;
				SWIFT_OPTIMIZATION_LEVEL = "-Onone";
			};
			name = Debug;
		};
		582D6CE629A82BCA004B566A /* Release */ = {
			isa = XCBuildConfiguration;
			buildSettings = {
				ALWAYS_SEARCH_USER_PATHS = NO;
				CLANG_ANALYZER_NONNULL = YES;
				CLANG_ANALYZER_NUMBER_OBJECT_CONVERSION = YES_AGGRESSIVE;
				CLANG_CXX_LANGUAGE_STANDARD = "gnu++20";
				CLANG_ENABLE_MODULES = YES;
				CLANG_ENABLE_OBJC_ARC = YES;
				CLANG_ENABLE_OBJC_WEAK = YES;
				CLANG_WARN_BLOCK_CAPTURE_AUTORELEASING = YES;
				CLANG_WARN_BOOL_CONVERSION = YES;
				CLANG_WARN_COMMA = YES;
				CLANG_WARN_CONSTANT_CONVERSION = YES;
				CLANG_WARN_DEPRECATED_OBJC_IMPLEMENTATIONS = YES;
				CLANG_WARN_DIRECT_OBJC_ISA_USAGE = YES_ERROR;
				CLANG_WARN_DOCUMENTATION_COMMENTS = YES;
				CLANG_WARN_EMPTY_BODY = YES;
				CLANG_WARN_ENUM_CONVERSION = YES;
				CLANG_WARN_INFINITE_RECURSION = YES;
				CLANG_WARN_INT_CONVERSION = YES;
				CLANG_WARN_NON_LITERAL_NULL_CONVERSION = YES;
				CLANG_WARN_OBJC_IMPLICIT_RETAIN_SELF = YES;
				CLANG_WARN_OBJC_LITERAL_CONVERSION = YES;
				CLANG_WARN_OBJC_ROOT_CLASS = YES_ERROR;
				CLANG_WARN_QUOTED_INCLUDE_IN_FRAMEWORK_HEADER = YES;
				CLANG_WARN_RANGE_LOOP_ANALYSIS = YES;
				CLANG_WARN_STRICT_PROTOTYPES = YES;
				CLANG_WARN_SUSPICIOUS_MOVE = YES;
				CLANG_WARN_UNGUARDED_AVAILABILITY = YES_AGGRESSIVE;
				CLANG_WARN_UNREACHABLE_CODE = YES;
				CLANG_WARN__DUPLICATE_METHOD_MATCH = YES;
				COPY_PHASE_STRIP = NO;
				DEBUG_INFORMATION_FORMAT = "dwarf-with-dsym";
				ENABLE_NS_ASSERTIONS = NO;
				ENABLE_STRICT_OBJC_MSGSEND = YES;
				GCC_C_LANGUAGE_STANDARD = gnu11;
				GCC_NO_COMMON_BLOCKS = YES;
				GCC_WARN_64_TO_32_BIT_CONVERSION = YES;
				GCC_WARN_ABOUT_RETURN_TYPE = YES_ERROR;
				GCC_WARN_UNDECLARED_SELECTOR = YES;
				GCC_WARN_UNINITIALIZED_AUTOS = YES_AGGRESSIVE;
				GCC_WARN_UNUSED_FUNCTION = YES;
				GCC_WARN_UNUSED_VARIABLE = YES;
				IPHONEOS_DEPLOYMENT_TARGET = 16.0;
				MTL_ENABLE_DEBUG_INFO = NO;
				MTL_FAST_MATH = YES;
				SDKROOT = iphoneos;
				SWIFT_COMPILATION_MODE = wholemodule;
				SWIFT_OPTIMIZATION_LEVEL = "-O";
				VALIDATE_PRODUCT = YES;
			};
			name = Release;
		};
		582D6CE829A82BCA004B566A /* Debug */ = {
			isa = XCBuildConfiguration;
			buildSettings = {
				ASSETCATALOG_COMPILER_APPICON_NAME = AppIcon;
				ASSETCATALOG_COMPILER_GLOBAL_ACCENT_COLOR_NAME = AccentColor;
				CODE_SIGN_STYLE = Automatic;
				CURRENT_PROJECT_VERSION = 1;
				DEVELOPMENT_TEAM = 548NZ82J6J;
				GENERATE_INFOPLIST_FILE = YES;
				INFOPLIST_FILE = Stocks/Info.plist;
				INFOPLIST_KEY_UIApplicationSupportsIndirectInputEvents = YES;
				INFOPLIST_KEY_UILaunchStoryboardName = LaunchScreen;
				INFOPLIST_KEY_UIMainStoryboardFile = Main;
				INFOPLIST_KEY_UIStatusBarStyle = UIStatusBarStyleLightContent;
				INFOPLIST_KEY_UISupportedInterfaceOrientations_iPad = "UIInterfaceOrientationPortrait UIInterfaceOrientationPortraitUpsideDown UIInterfaceOrientationLandscapeLeft UIInterfaceOrientationLandscapeRight";
				INFOPLIST_KEY_UISupportedInterfaceOrientations_iPhone = "UIInterfaceOrientationPortrait UIInterfaceOrientationLandscapeLeft UIInterfaceOrientationLandscapeRight";
				LD_RUNPATH_SEARCH_PATHS = (
					"$(inherited)",
					"@executable_path/Frameworks",
				);
				MARKETING_VERSION = 1.0;
				PRODUCT_BUNDLE_IDENTIFIER = com.sonia.Stocks;
				PRODUCT_NAME = "$(TARGET_NAME)";
				SWIFT_EMIT_LOC_STRINGS = YES;
				SWIFT_VERSION = 5.0;
				TARGETED_DEVICE_FAMILY = "1,2";
			};
			name = Debug;
		};
		582D6CE929A82BCA004B566A /* Release */ = {
			isa = XCBuildConfiguration;
			buildSettings = {
				ASSETCATALOG_COMPILER_APPICON_NAME = AppIcon;
				ASSETCATALOG_COMPILER_GLOBAL_ACCENT_COLOR_NAME = AccentColor;
				CODE_SIGN_STYLE = Automatic;
				CURRENT_PROJECT_VERSION = 1;
				DEVELOPMENT_TEAM = 548NZ82J6J;
				GENERATE_INFOPLIST_FILE = YES;
				INFOPLIST_FILE = Stocks/Info.plist;
				INFOPLIST_KEY_UIApplicationSupportsIndirectInputEvents = YES;
				INFOPLIST_KEY_UILaunchStoryboardName = LaunchScreen;
				INFOPLIST_KEY_UIMainStoryboardFile = Main;
				INFOPLIST_KEY_UIStatusBarStyle = UIStatusBarStyleLightContent;
				INFOPLIST_KEY_UISupportedInterfaceOrientations_iPad = "UIInterfaceOrientationPortrait UIInterfaceOrientationPortraitUpsideDown UIInterfaceOrientationLandscapeLeft UIInterfaceOrientationLandscapeRight";
				INFOPLIST_KEY_UISupportedInterfaceOrientations_iPhone = "UIInterfaceOrientationPortrait UIInterfaceOrientationLandscapeLeft UIInterfaceOrientationLandscapeRight";
				LD_RUNPATH_SEARCH_PATHS = (
					"$(inherited)",
					"@executable_path/Frameworks",
				);
				MARKETING_VERSION = 1.0;
				PRODUCT_BUNDLE_IDENTIFIER = com.sonia.Stocks;
				PRODUCT_NAME = "$(TARGET_NAME)";
				SWIFT_EMIT_LOC_STRINGS = YES;
				SWIFT_VERSION = 5.0;
				TARGETED_DEVICE_FAMILY = "1,2";
			};
			name = Release;
		};
		582D6CEB29A82BCA004B566A /* Debug */ = {
			isa = XCBuildConfiguration;
			buildSettings = {
				ALWAYS_EMBED_SWIFT_STANDARD_LIBRARIES = YES;
				BUNDLE_LOADER = "$(TEST_HOST)";
				CODE_SIGN_STYLE = Automatic;
				CURRENT_PROJECT_VERSION = 1;
				GENERATE_INFOPLIST_FILE = YES;
				IPHONEOS_DEPLOYMENT_TARGET = 16.1;
				MARKETING_VERSION = 1.0;
				PRODUCT_BUNDLE_IDENTIFIER = com.sonia.StocksTests;
				PRODUCT_NAME = "$(TARGET_NAME)";
				SWIFT_EMIT_LOC_STRINGS = NO;
				SWIFT_VERSION = 5.0;
				TARGETED_DEVICE_FAMILY = "1,2";
				TEST_HOST = "$(BUILT_PRODUCTS_DIR)/Stocks.app/$(BUNDLE_EXECUTABLE_FOLDER_PATH)/Stocks";
			};
			name = Debug;
		};
		582D6CEC29A82BCA004B566A /* Release */ = {
			isa = XCBuildConfiguration;
			buildSettings = {
				ALWAYS_EMBED_SWIFT_STANDARD_LIBRARIES = YES;
				BUNDLE_LOADER = "$(TEST_HOST)";
				CODE_SIGN_STYLE = Automatic;
				CURRENT_PROJECT_VERSION = 1;
				GENERATE_INFOPLIST_FILE = YES;
				IPHONEOS_DEPLOYMENT_TARGET = 16.1;
				MARKETING_VERSION = 1.0;
				PRODUCT_BUNDLE_IDENTIFIER = com.sonia.StocksTests;
				PRODUCT_NAME = "$(TARGET_NAME)";
				SWIFT_EMIT_LOC_STRINGS = NO;
				SWIFT_VERSION = 5.0;
				TARGETED_DEVICE_FAMILY = "1,2";
				TEST_HOST = "$(BUILT_PRODUCTS_DIR)/Stocks.app/$(BUNDLE_EXECUTABLE_FOLDER_PATH)/Stocks";
			};
			name = Release;
		};
		582D6CEE29A82BCA004B566A /* Debug */ = {
			isa = XCBuildConfiguration;
			buildSettings = {
				ALWAYS_EMBED_SWIFT_STANDARD_LIBRARIES = YES;
				CODE_SIGN_STYLE = Automatic;
				CURRENT_PROJECT_VERSION = 1;
				GENERATE_INFOPLIST_FILE = YES;
				MARKETING_VERSION = 1.0;
				PRODUCT_BUNDLE_IDENTIFIER = com.sonia.StocksUITests;
				PRODUCT_NAME = "$(TARGET_NAME)";
				SWIFT_EMIT_LOC_STRINGS = NO;
				SWIFT_VERSION = 5.0;
				TARGETED_DEVICE_FAMILY = "1,2";
				TEST_TARGET_NAME = Stocks;
			};
			name = Debug;
		};
		582D6CEF29A82BCA004B566A /* Release */ = {
			isa = XCBuildConfiguration;
			buildSettings = {
				ALWAYS_EMBED_SWIFT_STANDARD_LIBRARIES = YES;
				CODE_SIGN_STYLE = Automatic;
				CURRENT_PROJECT_VERSION = 1;
				GENERATE_INFOPLIST_FILE = YES;
				MARKETING_VERSION = 1.0;
				PRODUCT_BUNDLE_IDENTIFIER = com.sonia.StocksUITests;
				PRODUCT_NAME = "$(TARGET_NAME)";
				SWIFT_EMIT_LOC_STRINGS = NO;
				SWIFT_VERSION = 5.0;
				TARGETED_DEVICE_FAMILY = "1,2";
				TEST_TARGET_NAME = Stocks;
			};
			name = Release;
		};
/* End XCBuildConfiguration section */

/* Begin XCConfigurationList section */
		582D6CB829A82BC9004B566A /* Build configuration list for PBXProject "Stocks" */ = {
			isa = XCConfigurationList;
			buildConfigurations = (
				582D6CE529A82BCA004B566A /* Debug */,
				582D6CE629A82BCA004B566A /* Release */,
			);
			defaultConfigurationIsVisible = 0;
			defaultConfigurationName = Release;
		};
		582D6CE729A82BCA004B566A /* Build configuration list for PBXNativeTarget "Stocks" */ = {
			isa = XCConfigurationList;
			buildConfigurations = (
				582D6CE829A82BCA004B566A /* Debug */,
				582D6CE929A82BCA004B566A /* Release */,
			);
			defaultConfigurationIsVisible = 0;
			defaultConfigurationName = Release;
		};
		582D6CEA29A82BCA004B566A /* Build configuration list for PBXNativeTarget "StocksTests" */ = {
			isa = XCConfigurationList;
			buildConfigurations = (
				582D6CEB29A82BCA004B566A /* Debug */,
				582D6CEC29A82BCA004B566A /* Release */,
			);
			defaultConfigurationIsVisible = 0;
			defaultConfigurationName = Release;
		};
		582D6CED29A82BCA004B566A /* Build configuration list for PBXNativeTarget "StocksUITests" */ = {
			isa = XCConfigurationList;
			buildConfigurations = (
				582D6CEE29A82BCA004B566A /* Debug */,
				582D6CEF29A82BCA004B566A /* Release */,
			);
			defaultConfigurationIsVisible = 0;
			defaultConfigurationName = Release;
		};
/* End XCConfigurationList section */
	};
	rootObject = 582D6CB529A82BC9004B566A /* Project object */;
}
